
Microsoft Visual Studio Solution File, Format Version 12.00
# Visual Studio 2017
Project("{FAE04EC0-301F-11D3-BF4B-00C04F79EFBC}") = "UAVsimulation.Plugins", "UAVsimulation.Plugins.csproj", "{304B152C-CF9E-6211-6041-89637600FCFF}"
EndProject
Project("{FAE04EC0-301F-11D3-BF4B-00C04F79EFBC}") = "UAVsimulation", "UAVsimulation.csproj", "{230198E4-8092-8C7A-2B18-E6127D258FC9}"
EndProject
Project("{FAE04EC0-301F-11D3-BF4B-00C04F79EFBC}") = "UAVsimulation.Editor.Plugins", "UAVsimulation.Editor.Plugins.csproj", "{2BB77B52-F74D-4B4D-6E91-940A412E3A71}"
EndProject
Project("{FAE04EC0-301F-11D3-BF4B-00C04F79EFBC}") = "UAVsimulation.Editor", "UAVsimulation.Editor.csproj", "{B8FC9B97-1D95-64CE-BE5A-AF84BF3654E7}"
EndProject
Global
	GlobalSection(SolutionConfigurationPlatforms) = preSolution
		Debug|Any CPU = Debug|Any CPU
		Release|Any CPU = Release|Any CPU
	EndGlobalSection
	GlobalSection(ProjectConfigurationPlatforms) = postSolution
		{304B152C-CF9E-6211-6041-89637600FCFF}.Debug|Any CPU.ActiveCfg = Debug|Any CPU
		{304B152C-CF9E-6211-6041-89637600FCFF}.Debug|Any CPU.Build.0 = Debug|Any CPU
		{304B152C-CF9E-6211-6041-89637600FCFF}.Release|Any CPU.ActiveCfg = Release|Any CPU
		{304B152C-CF9E-6211-6041-89637600FCFF}.Release|Any CPU.Build.0 = Release|Any CPU
		{230198E4-8092-8C7A-2B18-E6127D258FC9}.Debug|Any CPU.ActiveCfg = Debug|Any CPU
		{230198E4-8092-8C7A-2B18-E6127D258FC9}.Debug|Any CPU.Build.0 = Debug|Any CPU
		{230198E4-8092-8C7A-2B18-E6127D258FC9}.Release|Any CPU.ActiveCfg = Release|Any CPU
		{230198E4-8092-8C7A-2B18-E6127D258FC9}.Release|Any CPU.Build.0 = Release|Any CPU
		{2BB77B52-F74D-4B4D-6E91-940A412E3A71}.Debug|Any CPU.ActiveCfg = Debug|Any CPU
		{2BB77B52-F74D-4B4D-6E91-940A412E3A71}.Debug|Any CPU.Build.0 = Debug|Any CPU
		{2BB77B52-F74D-4B4D-6E91-940A412E3A71}.Release|Any CPU.ActiveCfg = Release|Any CPU
		{2BB77B52-F74D-4B4D-6E91-940A412E3A71}.Release|Any CPU.Build.0 = Release|Any CPU
		{B8FC9B97-1D95-64CE-BE5A-AF84BF3654E7}.Debug|Any CPU.ActiveCfg = Debug|Any CPU
		{B8FC9B97-1D95-64CE-BE5A-AF84BF3654E7}.Debug|Any CPU.Build.0 = Debug|Any CPU
		{B8FC9B97-1D95-64CE-BE5A-AF84BF3654E7}.Release|Any CPU.ActiveCfg = Release|Any CPU
		{B8FC9B97-1D95-64CE-BE5A-AF84BF3654E7}.Release|Any CPU.Build.0 = Release|Any CPU
	EndGlobalSection
	GlobalSection(SolutionProperties) = preSolution
		HideSolutionNode = FALSE
	EndGlobalSection
EndGlobal
